
Microsoft Visual Studio Solution File, Format Version 12.00
# Visual Studio 15
VisualStudioVersion = 15.0.27004.2009
MinimumVisualStudioVersion = 10.0.40219.1
Project("{2150E333-8FDC-42A3-9474-1A3956D46DE8}") = "DAL", "DAL", "{69969B21-E910-459A-81B4-FA478AA7EE47}"
	ProjectSection(SolutionItems) = preProject
		ONLINEAPP.API\Web.config = ONLINEAPP.API\Web.config
		ONLINEAPP.API\Web.Debug.config = ONLINEAPP.API\Web.Debug.config
		ONLINEAPP.API\Web.Release.config = ONLINEAPP.API\Web.Release.config
	EndProjectSection
EndProject
Project("{2150E333-8FDC-42A3-9474-1A3956D46DE8}") = "CONTROLLER", "CONTROLLER", "{3905AD73-4F3E-433D-AB94-456B795ADD85}"
EndProject
Project("{2150E333-8FDC-42A3-9474-1A3956D46DE8}") = "ONLINEAPPHOME", "ONLINEAPPHOME", "{29B009DB-C846-468C-BE08-3EFEBB19A62C}"
EndProject
Project("{2150E333-8FDC-42A3-9474-1A3956D46DE8}") = "Transport", "Transport", "{679F53F0-9D62-40D9-B39D-3ACA9AE05629}"
EndProject
Project("{FAE04EC0-301F-11D3-BF4B-00C04F79EFBC}") = "ONLINEAPP.TRANSPORTS.BL", "ONLINEAPP.TRANSPORTS.BL\ONLINEAPP.TRANSPORTS.BL.csproj", "{E974E30B-8D8F-45E3-B856-F2D195DAD023}"
EndProject
Project("{FAE04EC0-301F-11D3-BF4B-00C04F79EFBC}") = "ONLINEAPP.TRANSPORTS.INTERFACE", "ONLINEAPP.TRANSPORTS.INTERFACE\ONLINEAPP.TRANSPORTS.INTERFACE.csproj", "{CDE4A285-F357-4B79-B3D1-38E7CA8C069F}"
EndProject
Project("{FAE04EC0-301F-11D3-BF4B-00C04F79EFBC}") = "ONLINEAPP.TRANSPORTS.MODEL", "ONLINEAPP.TRANSPORTS.MODEL\ONLINEAPP.TRANSPORTS.MODEL.csproj", "{6CBE5A00-F167-47C0-A381-0BB695185E33}"
EndProject
Project("{FAE04EC0-301F-11D3-BF4B-00C04F79EFBC}") = "ONLINEAPP.TRANSPORTS.VIEWMODEL", "ONLINEAPP.TRANSPORTS.VIEWMODEL\ONLINEAPP.TRANSPORTS.VIEWMODEL.csproj", "{9353ED14-2470-4CF4-B15E-F6DEBF13BF8D}"
EndProject
Project("{FAE04EC0-301F-11D3-BF4B-00C04F79EFBC}") = "ONLINEAPP.SP.RESTSERVICES", "ONLINEAPP.SP.RESTSERVICES\ONLINEAPP.SP.RESTSERVICES.csproj", "{3D0A49FD-7300-4B08-96E6-9DAB0E05B316}"
EndProject
Project("{FAE04EC0-301F-11D3-BF4B-00C04F79EFBC}") = "ONLINEAPP.MODEL", "ONLINEAPP.MODEL\ONLINEAPP.MODEL.csproj", "{7C93704C-B5A9-46F3-A328-15B878223E82}"
EndProject
Project("{FAE04EC0-301F-11D3-BF4B-00C04F79EFBC}") = "ONLINEAPP.DAL", "ONLINEAPP.DAL\ONLINEAPP.DAL.csproj", "{52E201D6-A7BA-4650-8A9F-A39DD44DA576}"
EndProject
Project("{FAE04EC0-301F-11D3-BF4B-00C04F79EFBC}") = "ONLINEAPP.HOME.BL", "ONLINEAPP.HOME.BL\ONLINEAPP.HOME.BL.csproj", "{7F4F0D7A-59E5-4B97-9DCB-3B28E1F0D7C3}"
EndProject
Project("{FAE04EC0-301F-11D3-BF4B-00C04F79EFBC}") = "ONLINEAPP.HOME.INTERFACE", "ONLINEAPP.HOME.INTERFACE\ONLINEAPP.HOME.INTERFACE.csproj", "{1019A52B-F603-4961-91E8-FDCE2499C6C6}"
EndProject
Project("{FAE04EC0-301F-11D3-BF4B-00C04F79EFBC}") = "ONLINEAPP.HOME.MODEL", "ONLINEAPP.HOME.MODEL\ONLINEAPP.HOME.MODEL.csproj", "{A23F1F35-A883-4F9C-BB04-840AF6A1A912}"
EndProject
Project("{FAE04EC0-301F-11D3-BF4B-00C04F79EFBC}") = "ONLINEAPP.HOME.VIEWMODEL", "ONLINEAPP.HOME.VIEWMODEL\ONLINEAPP.HOME.VIEWMODEL.csproj", "{E268A48B-CE2D-4771-BFFA-D10C29F3AFF6}"
EndProject
Project("{FAE04EC0-301F-11D3-BF4B-00C04F79EFBC}") = "ONLINEAPP.API", "ONLINEAPP.API\ONLINEAPP.API.csproj", "{622B7828-DB81-4443-AADC-198751F3C973}"
EndProject
Project("{2150E333-8FDC-42A3-9474-1A3956D46DE8}") = "ANONYMOUSSERVICES", "ANONYMOUSSERVICES", "{D13B77F3-0892-41CC-BC52-7F43D40E92A7}"
EndProject
Project("{FAE04EC0-301F-11D3-BF4B-00C04F79EFBC}") = "ONLINEAPP.ANONYMOUS.BL", "ONLINEAPP.ANONYMOUS.BL\ONLINEAPP.ANONYMOUS.BL.csproj", "{57347AE6-9D2D-4FF4-8CD5-DEE35FD12B3E}"
EndProject
Project("{FAE04EC0-301F-11D3-BF4B-00C04F79EFBC}") = "ONLINEAPP.ANONYMOUS.INTERFACE", "ONLINEAPP.ANONYMOUS.INTERFACE\ONLINEAPP.ANONYMOUS.INTERFACE.csproj", "{7A489A52-CBB1-4EE2-8905-8569C8715AA7}"
EndProject
Project("{FAE04EC0-301F-11D3-BF4B-00C04F79EFBC}") = "ONLINEAPP.ANONYMOUS.MODEL", "ONLINEAPP.ANONYMOUS.MODEL\ONLINEAPP.ANONYMOUS.MODEL.csproj", "{F3E2BD03-549A-41F5-AE46-83063CB2B480}"
EndProject
Project("{FAE04EC0-301F-11D3-BF4B-00C04F79EFBC}") = "ONLINEAPP.ANONYMOUS.VIEWMODEL", "ONLINEAPP.ANONYMOUS.VIEWMODEL\ONLINEAPP.ANONYMOUS.VIEWMODEL.csproj", "{561382C2-CB60-484A-84D3-F7C2AF7C44EE}"
EndProject
Project("{FAE04EC0-301F-11D3-BF4B-00C04F79EFBC}") = "ONLINEAPP.ANS", "ONLINEAPP.ANS\ONLINEAPP.ANS.csproj", "{01CFC195-3A82-4909-BB5C-3FF520016940}"
EndProject
Project("{2150E333-8FDC-42A3-9474-1A3956D46DE8}") = "Passport", "Passport", "{B0CB0330-31B3-4E35-8125-567AAB6A5298}"
EndProject
Project("{2150E333-8FDC-42A3-9474-1A3956D46DE8}") = "Generic", "Generic", "{1C585E8F-AD47-46F3-A40E-0CA5EC7BCFA5}"
EndProject
Project("{FAE04EC0-301F-11D3-BF4B-00C04F79EFBC}") = "ONLINEAPP.GENERIC.BL", "ONLINEAPP.GENERIC.BL\ONLINEAPP.GENERIC.BL.csproj", "{A4FFAD6F-5100-4C69-B522-77AAA2F56925}"
EndProject
Project("{FAE04EC0-301F-11D3-BF4B-00C04F79EFBC}") = "ONLINEAPP.GENERIC.INTERFACE", "ONLINEAPP.GENERIC.INTERFACE\ONLINEAPP.GENERIC.INTERFACE.csproj", "{2A8A38D8-A0C2-483A-A889-BF563D0A01B6}"
EndProject
Project("{FAE04EC0-301F-11D3-BF4B-00C04F79EFBC}") = "ONLINEAPP.GENERIC.MODEL", "ONLINEAPP.GENERIC.MODEL\ONLINEAPP.GENERIC.MODEL.csproj", "{1331B89D-25A8-4A43-A5A0-D380427BCCFC}"
EndProject
Global
	GlobalSection(SolutionConfigurationPlatforms) = preSolution
		Debug|Any CPU = Debug|Any CPU
		Release|Any CPU = Release|Any CPU
	EndGlobalSection
	GlobalSection(ProjectConfigurationPlatforms) = postSolution
		{E974E30B-8D8F-45E3-B856-F2D195DAD023}.Debug|Any CPU.ActiveCfg = Debug|Any CPU
		{E974E30B-8D8F-45E3-B856-F2D195DAD023}.Debug|Any CPU.Build.0 = Debug|Any CPU
		{E974E30B-8D8F-45E3-B856-F2D195DAD023}.Release|Any CPU.ActiveCfg = Release|Any CPU
		{E974E30B-8D8F-45E3-B856-F2D195DAD023}.Release|Any CPU.Build.0 = Release|Any CPU
		{CDE4A285-F357-4B79-B3D1-38E7CA8C069F}.Debug|Any CPU.ActiveCfg = Debug|Any CPU
		{CDE4A285-F357-4B79-B3D1-38E7CA8C069F}.Debug|Any CPU.Build.0 = Debug|Any CPU
		{CDE4A285-F357-4B79-B3D1-38E7CA8C069F}.Release|Any CPU.ActiveCfg = Release|Any CPU
		{CDE4A285-F357-4B79-B3D1-38E7CA8C069F}.Release|Any CPU.Build.0 = Release|Any CPU
		{6CBE5A00-F167-47C0-A381-0BB695185E33}.Debug|Any CPU.ActiveCfg = Debug|Any CPU
		{6CBE5A00-F167-47C0-A381-0BB695185E33}.Debug|Any CPU.Build.0 = Debug|Any CPU
		{6CBE5A00-F167-47C0-A381-0BB695185E33}.Release|Any CPU.ActiveCfg = Release|Any CPU
		{6CBE5A00-F167-47C0-A381-0BB695185E33}.Release|Any CPU.Build.0 = Release|Any CPU
		{9353ED14-2470-4CF4-B15E-F6DEBF13BF8D}.Debug|Any CPU.ActiveCfg = Debug|Any CPU
		{9353ED14-2470-4CF4-B15E-F6DEBF13BF8D}.Debug|Any CPU.Build.0 = Debug|Any CPU
		{9353ED14-2470-4CF4-B15E-F6DEBF13BF8D}.Release|Any CPU.ActiveCfg = Release|Any CPU
		{9353ED14-2470-4CF4-B15E-F6DEBF13BF8D}.Release|Any CPU.Build.0 = Release|Any CPU
		{3D0A49FD-7300-4B08-96E6-9DAB0E05B316}.Debug|Any CPU.ActiveCfg = Debug|Any CPU
		{3D0A49FD-7300-4B08-96E6-9DAB0E05B316}.Debug|Any CPU.Build.0 = Debug|Any CPU
		{3D0A49FD-7300-4B08-96E6-9DAB0E05B316}.Release|Any CPU.ActiveCfg = Release|Any CPU
		{3D0A49FD-7300-4B08-96E6-9DAB0E05B316}.Release|Any CPU.Build.0 = Release|Any CPU
		{7C93704C-B5A9-46F3-A328-15B878223E82}.Debug|Any CPU.ActiveCfg = Debug|Any CPU
		{7C93704C-B5A9-46F3-A328-15B878223E82}.Debug|Any CPU.Build.0 = Debug|Any CPU
		{7C93704C-B5A9-46F3-A328-15B878223E82}.Release|Any CPU.ActiveCfg = Release|Any CPU
		{7C93704C-B5A9-46F3-A328-15B878223E82}.Release|Any CPU.Build.0 = Release|Any CPU
		{52E201D6-A7BA-4650-8A9F-A39DD44DA576}.Debug|Any CPU.ActiveCfg = Debug|Any CPU
		{52E201D6-A7BA-4650-8A9F-A39DD44DA576}.Debug|Any CPU.Build.0 = Debug|Any CPU
		{52E201D6-A7BA-4650-8A9F-A39DD44DA576}.Release|Any CPU.ActiveCfg = Release|Any CPU
		{52E201D6-A7BA-4650-8A9F-A39DD44DA576}.Release|Any CPU.Build.0 = Release|Any CPU
		{7F4F0D7A-59E5-4B97-9DCB-3B28E1F0D7C3}.Debug|Any CPU.ActiveCfg = Debug|Any CPU
		{7F4F0D7A-59E5-4B97-9DCB-3B28E1F0D7C3}.Debug|Any CPU.Build.0 = Debug|Any CPU
		{7F4F0D7A-59E5-4B97-9DCB-3B28E1F0D7C3}.Release|Any CPU.ActiveCfg = Release|Any CPU
		{7F4F0D7A-59E5-4B97-9DCB-3B28E1F0D7C3}.Release|Any CPU.Build.0 = Release|Any CPU
		{1019A52B-F603-4961-91E8-FDCE2499C6C6}.Debug|Any CPU.ActiveCfg = Debug|Any CPU
		{1019A52B-F603-4961-91E8-FDCE2499C6C6}.Debug|Any CPU.Build.0 = Debug|Any CPU
		{1019A52B-F603-4961-91E8-FDCE2499C6C6}.Release|Any CPU.ActiveCfg = Release|Any CPU
		{1019A52B-F603-4961-91E8-FDCE2499C6C6}.Release|Any CPU.Build.0 = Release|Any CPU
		{A23F1F35-A883-4F9C-BB04-840AF6A1A912}.Debug|Any CPU.ActiveCfg = Debug|Any CPU
		{A23F1F35-A883-4F9C-BB04-840AF6A1A912}.Debug|Any CPU.Build.0 = Debug|Any CPU
		{A23F1F35-A883-4F9C-BB04-840AF6A1A912}.Release|Any CPU.ActiveCfg = Release|Any CPU
		{A23F1F35-A883-4F9C-BB04-840AF6A1A912}.Release|Any CPU.Build.0 = Release|Any CPU
		{E268A48B-CE2D-4771-BFFA-D10C29F3AFF6}.Debug|Any CPU.ActiveCfg = Debug|Any CPU
		{E268A48B-CE2D-4771-BFFA-D10C29F3AFF6}.Debug|Any CPU.Build.0 = Debug|Any CPU
		{E268A48B-CE2D-4771-BFFA-D10C29F3AFF6}.Release|Any CPU.ActiveCfg = Release|Any CPU
		{E268A48B-CE2D-4771-BFFA-D10C29F3AFF6}.Release|Any CPU.Build.0 = Release|Any CPU
		{622B7828-DB81-4443-AADC-198751F3C973}.Debug|Any CPU.ActiveCfg = Debug|Any CPU
		{622B7828-DB81-4443-AADC-198751F3C973}.Debug|Any CPU.Build.0 = Debug|Any CPU
		{622B7828-DB81-4443-AADC-198751F3C973}.Release|Any CPU.ActiveCfg = Release|Any CPU
		{622B7828-DB81-4443-AADC-198751F3C973}.Release|Any CPU.Build.0 = Release|Any CPU
		{57347AE6-9D2D-4FF4-8CD5-DEE35FD12B3E}.Debug|Any CPU.ActiveCfg = Debug|Any CPU
		{57347AE6-9D2D-4FF4-8CD5-DEE35FD12B3E}.Debug|Any CPU.Build.0 = Debug|Any CPU
		{57347AE6-9D2D-4FF4-8CD5-DEE35FD12B3E}.Release|Any CPU.ActiveCfg = Release|Any CPU
		{57347AE6-9D2D-4FF4-8CD5-DEE35FD12B3E}.Release|Any CPU.Build.0 = Release|Any CPU
		{7A489A52-CBB1-4EE2-8905-8569C8715AA7}.Debug|Any CPU.ActiveCfg = Debug|Any CPU
		{7A489A52-CBB1-4EE2-8905-8569C8715AA7}.Debug|Any CPU.Build.0 = Debug|Any CPU
		{7A489A52-CBB1-4EE2-8905-8569C8715AA7}.Release|Any CPU.ActiveCfg = Release|Any CPU
		{7A489A52-CBB1-4EE2-8905-8569C8715AA7}.Release|Any CPU.Build.0 = Release|Any CPU
		{F3E2BD03-549A-41F5-AE46-83063CB2B480}.Debug|Any CPU.ActiveCfg = Debug|Any CPU
		{F3E2BD03-549A-41F5-AE46-83063CB2B480}.Debug|Any CPU.Build.0 = Debug|Any CPU
		{F3E2BD03-549A-41F5-AE46-83063CB2B480}.Release|Any CPU.ActiveCfg = Release|Any CPU
		{F3E2BD03-549A-41F5-AE46-83063CB2B480}.Release|Any CPU.Build.0 = Release|Any CPU
		{561382C2-CB60-484A-84D3-F7C2AF7C44EE}.Debug|Any CPU.ActiveCfg = Debug|Any CPU
		{561382C2-CB60-484A-84D3-F7C2AF7C44EE}.Debug|Any CPU.Build.0 = Debug|Any CPU
		{561382C2-CB60-484A-84D3-F7C2AF7C44EE}.Release|Any CPU.ActiveCfg = Release|Any CPU
		{561382C2-CB60-484A-84D3-F7C2AF7C44EE}.Release|Any CPU.Build.0 = Release|Any CPU
		{01CFC195-3A82-4909-BB5C-3FF520016940}.Debug|Any CPU.ActiveCfg = Debug|Any CPU
		{01CFC195-3A82-4909-BB5C-3FF520016940}.Debug|Any CPU.Build.0 = Debug|Any CPU
		{01CFC195-3A82-4909-BB5C-3FF520016940}.Release|Any CPU.ActiveCfg = Release|Any CPU
		{01CFC195-3A82-4909-BB5C-3FF520016940}.Release|Any CPU.Build.0 = Release|Any CPU
		{A4FFAD6F-5100-4C69-B522-77AAA2F56925}.Debug|Any CPU.ActiveCfg = Debug|Any CPU
		{A4FFAD6F-5100-4C69-B522-77AAA2F56925}.Debug|Any CPU.Build.0 = Debug|Any CPU
		{A4FFAD6F-5100-4C69-B522-77AAA2F56925}.Release|Any CPU.ActiveCfg = Release|Any CPU
		{A4FFAD6F-5100-4C69-B522-77AAA2F56925}.Release|Any CPU.Build.0 = Release|Any CPU
		{2A8A38D8-A0C2-483A-A889-BF563D0A01B6}.Debug|Any CPU.ActiveCfg = Debug|Any CPU
		{2A8A38D8-A0C2-483A-A889-BF563D0A01B6}.Debug|Any CPU.Build.0 = Debug|Any CPU
		{2A8A38D8-A0C2-483A-A889-BF563D0A01B6}.Release|Any CPU.ActiveCfg = Release|Any CPU
		{2A8A38D8-A0C2-483A-A889-BF563D0A01B6}.Release|Any CPU.Build.0 = Release|Any CPU
		{1331B89D-25A8-4A43-A5A0-D380427BCCFC}.Debug|Any CPU.ActiveCfg = Debug|Any CPU
		{1331B89D-25A8-4A43-A5A0-D380427BCCFC}.Debug|Any CPU.Build.0 = Debug|Any CPU
		{1331B89D-25A8-4A43-A5A0-D380427BCCFC}.Release|Any CPU.ActiveCfg = Release|Any CPU
		{1331B89D-25A8-4A43-A5A0-D380427BCCFC}.Release|Any CPU.Build.0 = Release|Any CPU
	EndGlobalSection
	GlobalSection(SolutionProperties) = preSolution
		HideSolutionNode = FALSE
	EndGlobalSection
	GlobalSection(NestedProjects) = preSolution
		{E974E30B-8D8F-45E3-B856-F2D195DAD023} = {679F53F0-9D62-40D9-B39D-3ACA9AE05629}
		{CDE4A285-F357-4B79-B3D1-38E7CA8C069F} = {679F53F0-9D62-40D9-B39D-3ACA9AE05629}
		{6CBE5A00-F167-47C0-A381-0BB695185E33} = {679F53F0-9D62-40D9-B39D-3ACA9AE05629}
		{9353ED14-2470-4CF4-B15E-F6DEBF13BF8D} = {679F53F0-9D62-40D9-B39D-3ACA9AE05629}
		{3D0A49FD-7300-4B08-96E6-9DAB0E05B316} = {69969B21-E910-459A-81B4-FA478AA7EE47}
		{7C93704C-B5A9-46F3-A328-15B878223E82} = {69969B21-E910-459A-81B4-FA478AA7EE47}
		{52E201D6-A7BA-4650-8A9F-A39DD44DA576} = {69969B21-E910-459A-81B4-FA478AA7EE47}
		{7F4F0D7A-59E5-4B97-9DCB-3B28E1F0D7C3} = {29B009DB-C846-468C-BE08-3EFEBB19A62C}
		{1019A52B-F603-4961-91E8-FDCE2499C6C6} = {29B009DB-C846-468C-BE08-3EFEBB19A62C}
		{A23F1F35-A883-4F9C-BB04-840AF6A1A912} = {29B009DB-C846-468C-BE08-3EFEBB19A62C}
		{E268A48B-CE2D-4771-BFFA-D10C29F3AFF6} = {29B009DB-C846-468C-BE08-3EFEBB19A62C}
		{622B7828-DB81-4443-AADC-198751F3C973} = {3905AD73-4F3E-433D-AB94-456B795ADD85}
		{57347AE6-9D2D-4FF4-8CD5-DEE35FD12B3E} = {D13B77F3-0892-41CC-BC52-7F43D40E92A7}
		{7A489A52-CBB1-4EE2-8905-8569C8715AA7} = {D13B77F3-0892-41CC-BC52-7F43D40E92A7}
		{F3E2BD03-549A-41F5-AE46-83063CB2B480} = {D13B77F3-0892-41CC-BC52-7F43D40E92A7}
		{561382C2-CB60-484A-84D3-F7C2AF7C44EE} = {D13B77F3-0892-41CC-BC52-7F43D40E92A7}
		{01CFC195-3A82-4909-BB5C-3FF520016940} = {3905AD73-4F3E-433D-AB94-456B795ADD85}
		{A4FFAD6F-5100-4C69-B522-77AAA2F56925} = {1C585E8F-AD47-46F3-A40E-0CA5EC7BCFA5}
		{2A8A38D8-A0C2-483A-A889-BF563D0A01B6} = {1C585E8F-AD47-46F3-A40E-0CA5EC7BCFA5}
		{1331B89D-25A8-4A43-A5A0-D380427BCCFC} = {1C585E8F-AD47-46F3-A40E-0CA5EC7BCFA5}
	EndGlobalSection
	GlobalSection(ExtensibilityGlobals) = postSolution
		SolutionGuid = {CE471373-320B-4C8E-8F5F-A3FA4573188A}
	EndGlobalSection
EndGlobal
